
Microsoft Visual Studio Solution File, Format Version 12.00
# Visual Studio Version 17
VisualStudioVersion = 17.5.33424.131
MinimumVisualStudioVersion = 10.0.40219.1
Project("{9A19103F-16F7-4668-BE54-9A1E7A4F7556}") = "RegisterClients", "RegisterClients\RegisterClients.csproj", "{848BC78F-9A50-475A-8013-D291AB9D9D48}"
EndProject
Global
	GlobalSection(SolutionConfigurationPlatforms) = preSolution
		Debug|Any CPU = Debug|Any CPU
		Release|Any CPU = Release|Any CPU
	EndGlobalSection
	GlobalSection(ProjectConfigurationPlatforms) = postSolution
		{848BC78F-9A50-475A-8013-D291AB9D9D48}.Debug|Any CPU.ActiveCfg = Debug|Any CPU
		{848BC78F-9A50-475A-8013-D291AB9D9D48}.Debug|Any CPU.Build.0 = Debug|Any CPU
		{848BC78F-9A50-475A-8013-D291AB9D9D48}.Release|Any CPU.ActiveCfg = Release|Any CPU
		{848BC78F-9A50-475A-8013-D291AB9D9D48}.Release|Any CPU.Build.0 = Release|Any CPU
	EndGlobalSection
	GlobalSection(SolutionProperties) = preSolution
		HideSolutionNode = FALSE
	EndGlobalSection
	GlobalSection(ExtensibilityGlobals) = postSolution
		SolutionGuid = {1F07E781-5FD2-405E-BF23-AC2E24983B65}
	EndGlobalSection
EndGlobal
